
Microsoft Visual Studio Solution File, Format Version 12.00
# Visual Studio Version 17
VisualStudioVersion = 17.5.33516.290
MinimumVisualStudioVersion = 10.0.40219.1
Project("{FAE04EC0-301F-11D3-BF4B-00C04F79EFBC}") = "Interview_ClientDev_WavPlayer", "Interview_ClientDev_WavPlayer\Interview_ClientDev_WavPlayer.csproj", "{4BA18051-BD77-4285-9A9D-BEDAB639300E}"
EndProject
Project("{FAE04EC0-301F-11D3-BF4B-00C04F79EFBC}") = "Interview_ClientDev_WavPlayer_Test", "Interview_ClientDev_WavPlayer_Test\Interview_ClientDev_WavPlayer_Test.csproj", "{BB5D224F-CCFB-42CC-A2D3-92B6C4B2DB95}"
EndProject
Global
	GlobalSection(SolutionConfigurationPlatforms) = preSolution
		Debug|Any CPU = Debug|Any CPU
		Release|Any CPU = Release|Any CPU
	EndGlobalSection
	GlobalSection(ProjectConfigurationPlatforms) = postSolution
		{4BA18051-BD77-4285-9A9D-BEDAB639300E}.Debug|Any CPU.ActiveCfg = Debug|Any CPU
		{4BA18051-BD77-4285-9A9D-BEDAB639300E}.Debug|Any CPU.Build.0 = Debug|Any CPU
		{4BA18051-BD77-4285-9A9D-BEDAB639300E}.Release|Any CPU.ActiveCfg = Release|Any CPU
		{4BA18051-BD77-4285-9A9D-BEDAB639300E}.Release|Any CPU.Build.0 = Release|Any CPU
		{BB5D224F-CCFB-42CC-A2D3-92B6C4B2DB95}.Debug|Any CPU.ActiveCfg = Debug|Any CPU
		{BB5D224F-CCFB-42CC-A2D3-92B6C4B2DB95}.Debug|Any CPU.Build.0 = Debug|Any CPU
		{BB5D224F-CCFB-42CC-A2D3-92B6C4B2DB95}.Release|Any CPU.ActiveCfg = Release|Any CPU
		{BB5D224F-CCFB-42CC-A2D3-92B6C4B2DB95}.Release|Any CPU.Build.0 = Release|Any CPU
	EndGlobalSection
	GlobalSection(SolutionProperties) = preSolution
		HideSolutionNode = FALSE
	EndGlobalSection
	GlobalSection(ExtensibilityGlobals) = postSolution
		SolutionGuid = {CBC38DBC-C0F9-4B77-A16B-D9D1A5546E40}
	EndGlobalSection
EndGlobal
